{
    "_meta": {
        "hash": {
            "sha256": "ef7d6d5d38f00e7f0acd30a141aaad85680ec805c1f210352acbeb442165c410"
        },
        "pipfile-spec": 6,
        "requires": {
            "python_version": "3.8"
        },
        "sources": [
            {
                "name": "pypi",
                "url": "https://pypi.org/simple",
                "verify_ssl": true
            }
        ]
    },
    "default": {
        "argon2-cffi": {
            "hashes": [
                "sha256:8c976986f2c5c0e5000919e6de187906cfd81fb1c72bf9d88c01177e77da7f80",
                "sha256:d384164d944190a7dd7ef22c6aa3ff197da12962bd04b17f64d4e93d934dba5b"
            ],
            "markers": "python_version >= '3.6'",
            "version": "==21.3.0"
        },
        "argon2-cffi-bindings": {
            "hashes": [
                "sha256:20ef543a89dee4db46a1a6e206cd015360e5a75822f76df533845c3cbaf72670",
                "sha256:2c3e3cc67fdb7d82c4718f19b4e7a87123caf8a93fde7e23cf66ac0337d3cb3f",
                "sha256:3b9ef65804859d335dc6b31582cad2c5166f0c3e7975f324d9ffaa34ee7e6583",
                "sha256:3e385d1c39c520c08b53d63300c3ecc28622f076f4c2b0e6d7e796e9f6502194",
                "sha256:58ed19212051f49a523abb1dbe954337dc82d947fb6e5a0da60f7c8471a8476c",
                "sha256:5e00316dabdaea0b2dd82d141cc66889ced0cdcbfa599e8b471cf22c620c329a",
                "sha256:603ca0aba86b1349b147cab91ae970c63118a0f30444d4bc80355937c950c082",
                "sha256:6a22ad9800121b71099d0fb0a65323810a15f2e292f2ba450810a7316e128ee5",
                "sha256:8cd69c07dd875537a824deec19f978e0f2078fdda07fd5c42ac29668dda5f40f",
                "sha256:93f9bf70084f97245ba10ee36575f0c3f1e7d7724d67d8e5b08e61787c320ed7",
                "sha256:9524464572e12979364b7d600abf96181d3541da11e23ddf565a32e70bd4dc0d",
                "sha256:b2ef1c30440dbbcba7a5dc3e319408b59676e2e039e2ae11a8775ecf482b192f",
                "sha256:b746dba803a79238e925d9046a63aa26bf86ab2a2fe74ce6b009a1c3f5c8f2ae",
                "sha256:bb89ceffa6c791807d1305ceb77dbfacc5aa499891d2c55661c6459651fc39e3",
                "sha256:bd46088725ef7f58b5a1ef7ca06647ebaf0eb4baff7d1d0d177c6cc8744abd86",
                "sha256:ccb949252cb2ab3a08c02024acb77cfb179492d5701c7cbdbfd776124d4d2367",
                "sha256:d4966ef5848d820776f5f562a7d45fdd70c2f330c961d0d745b784034bd9f48d",
                "sha256:e415e3f62c8d124ee16018e491a009937f8cf7ebf5eb430ffc5de21b900dad93",
                "sha256:ed2937d286e2ad0cc79a7087d3c272832865f779430e0cc2b4f3718d3159b0cb",
                "sha256:f1152ac548bd5b8bcecfb0b0371f082037e47128653df2e8ba6e914d384f3c3e",
                "sha256:f9f8b450ed0547e3d473fdc8612083fd08dd2120d6ac8f73828df9b7d45bb351"
            ],
            "markers": "python_version >= '3.6'",
            "version": "==21.2.0"
        },
        "asttokens": {
            "hashes": [
                "sha256:0844691e88552595a6f4a4281a9f7f79b8dd45ca4ccea82e5e05b4bbdb76705c",
                "sha256:9a54c114f02c7a9480d56550932546a3f1fe71d8a02f1bc7ccd0ee3ee35cf4d5"
            ],
            "version": "==2.0.5"
        },
        "attrs": {
            "hashes": [
                "sha256:2d27e3784d7a565d36ab851fe94887c5eccd6a463168875832a1be79c82828b4",
                "sha256:626ba8234211db98e869df76230a137c4c40a12d72445c45d5f5b716f076e2fd"
            ],
            "markers": "python_version >= '2.7' and python_version not in '3.0, 3.1, 3.2, 3.3, 3.4'",
            "version": "==21.4.0"
        },
        "backcall": {
            "hashes": [
                "sha256:5cbdbf27be5e7cfadb448baf0aa95508f91f2bbc6c6437cd9cd06e2a4c215e1e",
                "sha256:fbbce6a29f263178a1f7915c1940bde0ec2b2a967566fe1c65c1dfb7422bd255"
            ],
            "version": "==0.2.0"
        },
        "beautifulsoup4": {
            "hashes": [
                "sha256:58d5c3d29f5a36ffeb94f02f0d786cd53014cf9b3b3951d42e0080d8a9498d30",
                "sha256:ad9aa55b65ef2808eb405f46cf74df7fcb7044d5cbc26487f96eb2ef2e436693"
            ],
            "markers": "python_version >= '3.6'",
            "version": "==4.11.1"
        },
        "bleach": {
            "hashes": [
                "sha256:08a1fe86d253b5c88c92cc3d810fd8048a16d15762e1e5b74d502256e5926aa1",
                "sha256:c6d6cc054bdc9c83b48b8083e236e5f00f238428666d2ce2e083eaa5fd568565"
            ],
            "markers": "python_version >= '3.7'",
            "version": "==5.0.0"
        },
        "cffi": {
            "hashes": [
                "sha256:00c878c90cb53ccfaae6b8bc18ad05d2036553e6d9d1d9dbcf323bbe83854ca3",
                "sha256:0104fb5ae2391d46a4cb082abdd5c69ea4eab79d8d44eaaf79f1b1fd806ee4c2",
                "sha256:06c48159c1abed75c2e721b1715c379fa3200c7784271b3c46df01383b593636",
                "sha256:0808014eb713677ec1292301ea4c81ad277b6cdf2fdd90fd540af98c0b101d20",
                "sha256:10dffb601ccfb65262a27233ac273d552ddc4d8ae1bf93b21c94b8511bffe728",
                "sha256:14cd121ea63ecdae71efa69c15c5543a4b5fbcd0bbe2aad864baca0063cecf27",
                "sha256:17771976e82e9f94976180f76468546834d22a7cc404b17c22df2a2c81db0c66",
                "sha256:181dee03b1170ff1969489acf1c26533710231c58f95534e3edac87fff06c443",
                "sha256:23cfe892bd5dd8941608f93348c0737e369e51c100d03718f108bf1add7bd6d0",
                "sha256:263cc3d821c4ab2213cbe8cd8b355a7f72a8324577dc865ef98487c1aeee2bc7",
                "sha256:2756c88cbb94231c7a147402476be2c4df2f6078099a6f4a480d239a8817ae39",
                "sha256:27c219baf94952ae9d50ec19651a687b826792055353d07648a5695413e0c605",
                "sha256:2a23af14f408d53d5e6cd4e3d9a24ff9e05906ad574822a10563efcef137979a",
                "sha256:31fb708d9d7c3f49a60f04cf5b119aeefe5644daba1cd2a0fe389b674fd1de37",
                "sha256:3415c89f9204ee60cd09b235810be700e993e343a408693e80ce7f6a40108029",
                "sha256:3773c4d81e6e818df2efbc7dd77325ca0dcb688116050fb2b3011218eda36139",
                "sha256:3b96a311ac60a3f6be21d2572e46ce67f09abcf4d09344c49274eb9e0bf345fc",
                "sha256:3f7d084648d77af029acb79a0ff49a0ad7e9d09057a9bf46596dac9514dc07df",
                "sha256:41d45de54cd277a7878919867c0f08b0cf817605e4eb94093e7516505d3c8d14",
                "sha256:4238e6dab5d6a8ba812de994bbb0a79bddbdf80994e4ce802b6f6f3142fcc880",
                "sha256:45db3a33139e9c8f7c09234b5784a5e33d31fd6907800b316decad50af323ff2",
                "sha256:45e8636704eacc432a206ac7345a5d3d2c62d95a507ec70d62f23cd91770482a",
                "sha256:4958391dbd6249d7ad855b9ca88fae690783a6be9e86df65865058ed81fc860e",
                "sha256:4a306fa632e8f0928956a41fa8e1d6243c71e7eb59ffbd165fc0b41e316b2474",
                "sha256:57e9ac9ccc3101fac9d6014fba037473e4358ef4e89f8e181f8951a2c0162024",
                "sha256:59888172256cac5629e60e72e86598027aca6bf01fa2465bdb676d37636573e8",
                "sha256:5e069f72d497312b24fcc02073d70cb989045d1c91cbd53979366077959933e0",
                "sha256:64d4ec9f448dfe041705426000cc13e34e6e5bb13736e9fd62e34a0b0c41566e",
                "sha256:6dc2737a3674b3e344847c8686cf29e500584ccad76204efea14f451d4cc669a",
                "sha256:74fdfdbfdc48d3f47148976f49fab3251e550a8720bebc99bf1483f5bfb5db3e",
                "sha256:75e4024375654472cc27e91cbe9eaa08567f7fbdf822638be2814ce059f58032",
                "sha256:786902fb9ba7433aae840e0ed609f45c7bcd4e225ebb9c753aa39725bb3e6ad6",
                "sha256:8b6c2ea03845c9f501ed1313e78de148cd3f6cad741a75d43a29b43da27f2e1e",
                "sha256:91d77d2a782be4274da750752bb1650a97bfd8f291022b379bb8e01c66b4e96b",
                "sha256:91ec59c33514b7c7559a6acda53bbfe1b283949c34fe7440bcf917f96ac0723e",
                "sha256:920f0d66a896c2d99f0adbb391f990a84091179542c205fa53ce5787aff87954",
                "sha256:a5263e363c27b653a90078143adb3d076c1a748ec9ecc78ea2fb916f9b861962",
                "sha256:abb9a20a72ac4e0fdb50dae135ba5e77880518e742077ced47eb1499e29a443c",
                "sha256:c2051981a968d7de9dd2d7b87bcb9c939c74a34626a6e2f8181455dd49ed69e4",
                "sha256:c21c9e3896c23007803a875460fb786118f0cdd4434359577ea25eb556e34c55",
                "sha256:c2502a1a03b6312837279c8c1bd3ebedf6c12c4228ddbad40912d671ccc8a962",
                "sha256:d4d692a89c5cf08a8557fdeb329b82e7bf609aadfaed6c0d79f5a449a3c7c023",
                "sha256:da5db4e883f1ce37f55c667e5c0de439df76ac4cb55964655906306918e7363c",
                "sha256:e7022a66d9b55e93e1a845d8c9eba2a1bebd4966cd8bfc25d9cd07d515b33fa6",
                "sha256:ef1f279350da2c586a69d32fc8733092fd32cc8ac95139a00377841f59a3f8d8",
                "sha256:f54a64f8b0c8ff0b64d18aa76675262e1700f3995182267998c31ae974fbc382",
                "sha256:f5c7150ad32ba43a07c4479f40241756145a1f03b43480e058cfd862bf5041c7",
                "sha256:f6f824dc3bce0edab5f427efcfb1d63ee75b6fcb7282900ccaf925be84efb0fc",
                "sha256:fd8a250edc26254fe5b33be00402e6d287f562b6a5b2152dec302fa15bb3e997",
                "sha256:ffaa5c925128e29efbde7301d8ecaf35c8c60ffbcd6a1ffd3a552177c8e5e796"
            ],
            "version": "==1.15.0"
        },
        "colorama": {
            "hashes": [
                "sha256:5941b2b48a20143d2267e95b1c2a7603ce057ee39fd88e7329b0c292aa16869b",
                "sha256:9f47eda37229f68eee03b24b9748937c7dc3868f906e8ba69fbcbdd3bc5dc3e2"
            ],
            "markers": "sys_platform == 'win32'",
            "version": "==0.4.4"
        },
        "debugpy": {
            "hashes": [
                "sha256:0d383b91efee57dbb923ba20801130cf60450a0eda60bce25bccd937de8e323a",
                "sha256:0e3aa2368883e83e7b689ddff3cafb595f7b711f6a065886b46a96a7fef874e7",
                "sha256:132defb585b518955358321d0f42f6aa815aa15b432be27db654807707c70b2f",
                "sha256:1ff853e60e77e1c16f85a31adb8360bb2d98ca588d7ed645b7f0985b240bdb5e",
                "sha256:245c7789a012f86210847ec7ee9f38c30a30d4c2223c3e111829a76c9006a5d0",
                "sha256:30abefefd2ff5a5481162d613cb70e60e2fa80a5eb4c994717c0f008ed25d2e1",
                "sha256:40de9ba137d355538432209d05e0f5fe5d0498dce761c39119ad4b950b51db31",
                "sha256:4de7777842da7e08652f2776c552070bbdd758557fdec73a15d7be0e4aab95ce",
                "sha256:5c492235d6b68f879df3bdbdb01f25c15be15682665517c2c7d0420e5658d71f",
                "sha256:72bcfa97f3afa0064afc77ab811f48ad4a06ac330f290b675082c24437730366",
                "sha256:7b79c40852991f7b6c3ea65845ed0f5f6b731c37f4f9ad9c61e2ab4bd48a9275",
                "sha256:8e972c717d95f56b6a3a7a29a5ede1ee8f2c3802f6f0e678203b0778eb322bf1",
                "sha256:8ee75844242b4537beb5899f3e60a578454d1f136b99e8d57ac424573797b94a",
                "sha256:a65a2499761d47df3e9ea9567109be6e73d412e00ac3ffcf74839f3ddfcdf028",
                "sha256:a8aaeb53e87225141fda7b9081bd87155c1debc13e2f5a532d341112d1983b65",
                "sha256:bd980d533d0ddfc451e03a3bb32acb2900049fec39afc3425b944ebf0889be62",
                "sha256:e3513399177dd37af4c1332df52da5da1d0c387e5927dc4c0709e26ee7302e8f",
                "sha256:eb1946efac0c0c3d411cea0b5ac772fbde744109fd9520fb0c5a51979faf05ad"
            ],
            "markers": "python_version >= '3.7'",
            "version": "==1.6.0"
        },
        "decorator": {
            "hashes": [
                "sha256:637996211036b6385ef91435e4fae22989472f9d571faba8927ba8253acbc330",
                "sha256:b8c3f85900b9dc423225913c5aace94729fe1fa9763b38939a95226f02d37186"
            ],
            "markers": "python_version >= '3.5'",
            "version": "==5.1.1"
        },
        "defusedxml": {
            "hashes": [
                "sha256:1bb3032db185915b62d7c6209c5a8792be6a32ab2fedacc84e01b52c51aa3e69",
                "sha256:a352e7e428770286cc899e2542b6cdaedb2b4953ff269a210103ec58f6198a61"
            ],
            "markers": "python_version >= '2.7' and python_version not in '3.0, 3.1, 3.2, 3.3, 3.4'",
            "version": "==0.7.1"
        },
        "entrypoints": {
            "hashes": [
                "sha256:b706eddaa9218a19ebcd67b56818f05bb27589b1ca9e8d797b74affad4ccacd4",
                "sha256:f174b5ff827504fd3cd97cc3f8649f3693f51538c7e4bdf3ef002c8429d42f9f"
            ],
            "markers": "python_version >= '3.6'",
            "version": "==0.4"
        },
        "executing": {
            "hashes": [
                "sha256:c6554e21c6b060590a6d3be4b82fb78f8f0194d809de5ea7df1c093763311501",
                "sha256:d1eef132db1b83649a3905ca6dd8897f71ac6f8cac79a7e58a1a09cf137546c9"
            ],
            "version": "==0.8.3"
        },
        "fastjsonschema": {
            "hashes": [
                "sha256:0a572f0836962d844c1fc435e200b2e4f4677e4e6611a2e3bdd01ba697c275ec",
                "sha256:ddb0b1d8243e6e3abb822bd14e447a89f4ab7439342912d590444831fa00b6a0"
            ],
            "version": "==2.15.3"
        },
        "importlib-resources": {
            "hashes": [
                "sha256:b6062987dfc51f0fcb809187cffbd60f35df7acb4589091f154214af6d0d49d3",
                "sha256:e447dc01619b1e951286f3929be820029d48c75eb25d265c28b92a16548212b8"
            ],
            "markers": "python_version < '3.9'",
            "version": "==5.7.1"
        },
        "ipykernel": {
            "hashes": [
                "sha256:0e28273e290858393e86e152b104e5506a79c13d25b951ac6eca220051b4be60",
                "sha256:2b0987af43c0d4b62cecb13c592755f599f96f29aafe36c01731aaa96df30d39"
            ],
            "markers": "python_version >= '3.7'",
            "version": "==6.13.0"
        },
        "ipython": {
            "hashes": [
                "sha256:1b672bfd7a48d87ab203d9af8727a3b0174a4566b4091e9447c22fb63ea32857",
                "sha256:70e5eb132cac594a34b5f799bd252589009905f05104728aea6a403ec2519dc1"
            ],
            "markers": "python_version >= '3.8'",
            "version": "==8.2.0"
        },
        "ipython-genutils": {
            "hashes": [
                "sha256:72dd37233799e619666c9f639a9da83c34013a73e8bbc79a7a6348d93c61fab8",
                "sha256:eb2e116e75ecef9d4d228fdc66af54269afa26ab4463042e33785b887c628ba8"
            ],
            "version": "==0.2.0"
        },
        "ipywidgets": {
            "hashes": [
                "sha256:ab4a5596855a88b83761921c768707d65e5847068139bc1729ddfe834703542a",
                "sha256:e58ff58bc94d481e91ecb6e13a5cb96a87b6b8ade135e055603d0ca24593df38"
            ],
            "version": "==7.7.0"
        },
        "jedi": {
            "hashes": [
                "sha256:637c9635fcf47945ceb91cd7f320234a7be540ded6f3e99a50cb6febdfd1ba8d",
                "sha256:74137626a64a99c8eb6ae5832d99b3bdd7d29a3850fe2aa80a4126b2a7d949ab"
            ],
            "markers": "python_version >= '3.6'",
            "version": "==0.18.1"
        },
        "jinja2": {
            "hashes": [
                "sha256:7d6d50dd97d52cbc355597bd845fabfbac3f551e1f99619e39a35ce8c370b5fa",
                "sha256:ac8bd6544d4bb2c9792bf3a159e80bba8fda7f07e81bc3aed565432d5925ba90"
            ],
            "index": "pypi",
            "markers": "python_version >= '3.7'",
            "version": "==3.1.3"
        },
        "jsonschema": {
            "hashes": [
                "sha256:636694eb41b3535ed608fe04129f26542b59ed99808b4f688aa32dcf55317a83",
                "sha256:77281a1f71684953ee8b3d488371b162419767973789272434bbc3f29d9c8823"
            ],
            "markers": "python_version >= '3.7'",
            "version": "==4.4.0"
        },
        "jupyter": {
            "hashes": [
                "sha256:3e1f86076bbb7c8c207829390305a2b1fe836d471ed54be66a3b8c41e7f46cc7",
                "sha256:5b290f93b98ffbc21c0c7e749f054b3267782166d72fa5e3ed1ed4eaf34a2b78",
                "sha256:d9dc4b3318f310e34c82951ea5d6683f67bed7def4b259fafbfe4f1beb1d8e5f"
            ],
            "index": "pypi",
            "version": "==1.0.0"
        },
        "jupyter-client": {
            "hashes": [
                "sha256:44045448eadc12493d819d965eb1dc9d10d1927698adbb9b14eb9a3a4a45ba53",
                "sha256:8fdbad344a8baa6a413d86d25bbf87ce21cb2b4aa5a8e0413863b9754eb8eb8a"
            ],
            "markers": "python_version >= '3.7'",
            "version": "==7.2.2"
        },
        "jupyter-console": {
            "hashes": [
                "sha256:55f32626b0be647a85e3217ddcdb22db69efc79e8b403b9771eb9ecc696019b5",
                "sha256:e630bcb682c0088dda45688ad7c2424d4a825c8acf494cb036ced03ed0424841"
            ],
            "markers": "python_version >= '3.6'",
            "version": "==6.4.3"
        },
        "jupyter-core": {
            "hashes": [
                "sha256:3815e80ec5272c0c19aad087a0d2775df2852cfca8f5a17069e99c9350cecff8",
                "sha256:c2909b9bc7dca75560a6c5ae78c34fd305ede31cd864da3c0d0bb2ed89aa9337"
            ],
            "index": "pypi",
            "markers": "python_version >= '3.7'",
            "version": "==4.11.2"
        },
        "jupyterlab-pygments": {
            "hashes": [
                "sha256:2405800db07c9f770863bcf8049a529c3dd4d3e28536638bd7c1c01d2748309f",
                "sha256:7405d7fde60819d905a9fa8ce89e4cd830e318cdad22a0030f7a901da705585d"
            ],
            "markers": "python_version >= '3.7'",
            "version": "==0.2.2"
        },
        "jupyterlab-widgets": {
            "hashes": [
                "sha256:c2a9bd3789f120f64d73268c066ed3b000c56bc1dda217be5cdc43e7b4ebad3f",
                "sha256:d5f41bc1713795385f718d44dcba47e1e1473c6289f28a95aa6b2c0782ee372a"
            ],
            "markers": "python_version >= '3.6'",
            "version": "==1.1.0"
        },
        "markupsafe": {
            "hashes": [
                "sha256:05fb21170423db021895e1ea1e1f3ab3adb85d1c2333cbc2310f2a26bc77272e",
                "sha256:0a4e4a1aff6c7ac4cd55792abf96c915634c2b97e3cc1c7129578aa68ebd754e",
                "sha256:10bbfe99883db80bdbaff2dcf681dfc6533a614f700da1287707e8a5d78a8431",
                "sha256:134da1eca9ec0ae528110ccc9e48041e0828d79f24121a1a146161103c76e686",
                "sha256:14ff806850827afd6b07a5f32bd917fb7f45b046ba40c57abdb636674a8b559c",
                "sha256:1577735524cdad32f9f694208aa75e422adba74f1baee7551620e43a3141f559",
                "sha256:1b40069d487e7edb2676d3fbdb2b0829ffa2cd63a2ec26c4938b2d34391b4ecc",
                "sha256:1b8dd8c3fd14349433c79fa8abeb573a55fc0fdd769133baac1f5e07abf54aeb",
                "sha256:1f67c7038d560d92149c060157d623c542173016c4babc0c1913cca0564b9939",
                "sha256:282c2cb35b5b673bbcadb33a585408104df04f14b2d9b01d4c345a3b92861c2c",
                "sha256:2c1b19b3aaacc6e57b7e25710ff571c24d6c3613a45e905b1fde04d691b98ee0",
                "sha256:2ef12179d3a291be237280175b542c07a36e7f60718296278d8593d21ca937d4",
                "sha256:338ae27d6b8745585f87218a3f23f1512dbf52c26c28e322dbe54bcede54ccb9",
                "sha256:3c0fae6c3be832a0a0473ac912810b2877c8cb9d76ca48de1ed31e1c68386575",
                "sha256:3fd4abcb888d15a94f32b75d8fd18ee162ca0c064f35b11134be77050296d6ba",
                "sha256:42de32b22b6b804f42c5d98be4f7e5e977ecdd9ee9b660fda1a3edf03b11792d",
                "sha256:47d4f1c5f80fc62fdd7777d0d40a2e9dda0a05883ab11374334f6c4de38adffd",
                "sha256:504b320cd4b7eff6f968eddf81127112db685e81f7e36e75f9f84f0df46041c3",
                "sha256:525808b8019e36eb524b8c68acdd63a37e75714eac50e988180b169d64480a00",
                "sha256:56d9f2ecac662ca1611d183feb03a3fa4406469dafe241673d521dd5ae92a155",
                "sha256:5bbe06f8eeafd38e5d0a4894ffec89378b6c6a625ff57e3028921f8ff59318ac",
                "sha256:65c1a9bcdadc6c28eecee2c119465aebff8f7a584dd719facdd9e825ec61ab52",
                "sha256:68e78619a61ecf91e76aa3e6e8e33fc4894a2bebe93410754bd28fce0a8a4f9f",
                "sha256:69c0f17e9f5a7afdf2cc9fb2d1ce6aabdb3bafb7f38017c0b77862bcec2bbad8",
                "sha256:6b2b56950d93e41f33b4223ead100ea0fe11f8e6ee5f641eb753ce4b77a7042b",
                "sha256:715d3562f79d540f251b99ebd6d8baa547118974341db04f5ad06d5ea3eb8007",
                "sha256:787003c0ddb00500e49a10f2844fac87aa6ce977b90b0feaaf9de23c22508b24",
                "sha256:7ef3cb2ebbf91e330e3bb937efada0edd9003683db6b57bb108c4001f37a02ea",
                "sha256:8023faf4e01efadfa183e863fefde0046de576c6f14659e8782065bcece22198",
                "sha256:8758846a7e80910096950b67071243da3e5a20ed2546e6392603c096778d48e0",
                "sha256:8afafd99945ead6e075b973fefa56379c5b5c53fd8937dad92c662da5d8fd5ee",
                "sha256:8c41976a29d078bb235fea9b2ecd3da465df42a562910f9022f1a03107bd02be",
                "sha256:8e254ae696c88d98da6555f5ace2279cf7cd5b3f52be2b5cf97feafe883b58d2",
                "sha256:8f9293864fe09b8149f0cc42ce56e3f0e54de883a9de90cd427f191c346eb2e1",
                "sha256:9402b03f1a1b4dc4c19845e5c749e3ab82d5078d16a2a4c2cd2df62d57bb0707",
                "sha256:962f82a3086483f5e5f64dbad880d31038b698494799b097bc59c2edf392fce6",
                "sha256:9aad3c1755095ce347e26488214ef77e0485a3c34a50c5a5e2471dff60b9dd9c",
                "sha256:9dcdfd0eaf283af041973bff14a2e143b8bd64e069f4c383416ecd79a81aab58",
                "sha256:aa57bd9cf8ae831a362185ee444e15a93ecb2e344c8e52e4d721ea3ab6ef1823",
                "sha256:aa7bd130efab1c280bed0f45501b7c8795f9fdbeb02e965371bbef3523627779",
                "sha256:ab4a0df41e7c16a1392727727e7998a467472d0ad65f3ad5e6e765015df08636",
                "sha256:ad9e82fb8f09ade1c3e1b996a6337afac2b8b9e365f926f5a61aacc71adc5b3c",
                "sha256:af598ed32d6ae86f1b747b82783958b1a4ab8f617b06fe68795c7f026abbdcad",
                "sha256:b076b6226fb84157e3f7c971a47ff3a679d837cf338547532ab866c57930dbee",
                "sha256:b7ff0f54cb4ff66dd38bebd335a38e2c22c41a8ee45aa608efc890ac3e3931bc",
                "sha256:bfce63a9e7834b12b87c64d6b155fdd9b3b96191b6bd334bf37db7ff1fe457f2",
                "sha256:c011a4149cfbcf9f03994ec2edffcb8b1dc2d2aede7ca243746df97a5d41ce48",
                "sha256:c9c804664ebe8f83a211cace637506669e7890fec1b4195b505c214e50dd4eb7",
                "sha256:ca379055a47383d02a5400cb0d110cef0a776fc644cda797db0c5696cfd7e18e",
                "sha256:cb0932dc158471523c9637e807d9bfb93e06a95cbf010f1a38b98623b929ef2b",
                "sha256:cd0f502fe016460680cd20aaa5a76d241d6f35a1c3350c474bac1273803893fa",
                "sha256:ceb01949af7121f9fc39f7d27f91be8546f3fb112c608bc4029aef0bab86a2a5",
                "sha256:d080e0a5eb2529460b30190fcfcc4199bd7f827663f858a226a81bc27beaa97e",
                "sha256:dd15ff04ffd7e05ffcb7fe79f1b98041b8ea30ae9234aed2a9168b5797c3effb",
                "sha256:df0be2b576a7abbf737b1575f048c23fb1d769f267ec4358296f31c2479db8f9",
                "sha256:e09031c87a1e51556fdcb46e5bd4f59dfb743061cf93c4d6831bf894f125eb57",
                "sha256:e4dd52d80b8c83fdce44e12478ad2e85c64ea965e75d66dbeafb0a3e77308fcc",
                "sha256:f698de3fd0c4e6972b92290a45bd9b1536bffe8c6759c62471efaa8acb4c37bc",
                "sha256:fec21693218efe39aa7f8599346e90c705afa52c5b31ae019b2e57e8f6542bb2",
                "sha256:ffcc3f7c66b5f5b7931a5aa68fc9cecc51e685ef90282f4a82f0f5e9b704ad11"
            ],
            "markers": "python_version >= '3.7'",
            "version": "==2.1.3"
        },
        "matplotlib-inline": {
            "hashes": [
                "sha256:a04bfba22e0d1395479f866853ec1ee28eea1485c1d69a6faf00dc3e24ff34ee",
                "sha256:aed605ba3b72462d64d475a21a9296f400a19c4f74a31b59103d2a99ffd5aa5c"
            ],
            "markers": "python_version >= '3.5'",
            "version": "==0.1.3"
        },
        "mistune": {
            "hashes": [
                "sha256:59a3429db53c50b5c6bcc8a07f8848cb00d7dc8bdb431a4ab41920d201d4756e",
                "sha256:88a1051873018da288eee8538d476dffe1262495144b33ecb586c4ab266bb8d4"
            ],
            "version": "==0.8.4"
        },
        "nbclient": {
            "hashes": [
                "sha256:2eed35fc954716cdf0a01ea8cbdd9f9316761479008570059e2f5de29e139423",
                "sha256:3f89a403c6badf24d2855a455b69a80985b3b27e04111243fdb6a88a28d27031"
            ],
            "markers": "python_version >= '3.7'",
            "version": "==0.6.0"
        },
        "nbconvert": {
            "hashes": [
                "sha256:223e46e27abe8596b8aed54301fadbba433b7ffea8196a68fd7b1ff509eee99d",
                "sha256:c56dd0b8978a1811a5654f74c727ff16ca87dd5a43abd435a1c49b840fcd8360"
            ],
            "markers": "python_version >= '3.7'",
            "version": "==6.5.0"
        },
        "nbformat": {
            "hashes": [
                "sha256:38856d97de49e8292e2d5d8f595e9d26f02abfd87e075d450af4511870b40538",
                "sha256:fcc5ab8cb74e20b19570b5be809e2dba9b82836fd2761a89066ad43394ba29f5"
            ],
            "markers": "python_version >= '3.7'",
            "version": "==5.3.0"
        },
        "nest-asyncio": {
            "hashes": [
                "sha256:b98e3ec1b246135e4642eceffa5a6c23a3ab12c82ff816a92c612d68205813b2",
                "sha256:e442291cd942698be619823a17a86a5759eabe1f8613084790de189fe9e16d65"
            ],
            "markers": "python_version >= '3.5'",
            "version": "==1.5.5"
        },
        "notebook": {
            "hashes": [
                "sha256:2408a76bc6289283a8eecfca67e298ec83c67db51a4c2e1b713dd180bb39e90e",
                "sha256:49cead814bff0945fcb2ee07579259418672ac175d3dc3d8102a4b0a656ed4df"
            ],
            "markers": "python_version >= '3.6'",
            "version": "==6.4.10"
        },
        "numpy": {
            "hashes": [
                "sha256:07a8c89a04997625236c5ecb7afe35a02af3896c8aa01890a849913a2309c676",
                "sha256:08d9b008d0156c70dc392bb3ab3abb6e7a711383c3247b410b39962263576cd4",
                "sha256:201b4d0552831f7250a08d3b38de0d989d6f6e4658b709a02a73c524ccc6ffce",
                "sha256:2c10a93606e0b4b95c9b04b77dc349b398fdfbda382d2a39ba5a822f669a0123",
                "sha256:3ca688e1b9b95d80250bca34b11a05e389b1420d00e87a0d12dc45f131f704a1",
                "sha256:48a3aecd3b997bf452a2dedb11f4e79bc5bfd21a1d4cc760e703c31d57c84b3e",
                "sha256:568dfd16224abddafb1cbcce2ff14f522abe037268514dd7e42c6776a1c3f8e5",
                "sha256:5bfb1bb598e8229c2d5d48db1860bcf4311337864ea3efdbe1171fb0c5da515d",
                "sha256:639b54cdf6aa4f82fe37ebf70401bbb74b8508fddcf4797f9fe59615b8c5813a",
                "sha256:8251ed96f38b47b4295b1ae51631de7ffa8260b5b087808ef09a39a9d66c97ab",
                "sha256:92bfa69cfbdf7dfc3040978ad09a48091143cffb778ec3b03fa170c494118d75",
                "sha256:97098b95aa4e418529099c26558eeb8486e66bd1e53a6b606d684d0c3616b168",
                "sha256:a3bae1a2ed00e90b3ba5f7bd0a7c7999b55d609e0c54ceb2b076a25e345fa9f4",
                "sha256:c34ea7e9d13a70bf2ab64a2532fe149a9aced424cd05a2c4ba662fd989e3e45f",
                "sha256:dbc7601a3b7472d559dc7b933b18b4b66f9aa7452c120e87dfb33d02008c8a18",
                "sha256:e7927a589df200c5e23c57970bafbd0cd322459aa7b1ff73b7c2e84d6e3eae62",
                "sha256:f8c1f39caad2c896bc0018f699882b345b2a63708008be29b1f355ebf6f933fe",
                "sha256:f950f8845b480cffe522913d35567e29dd381b0dc7e4ce6a4a9f9156417d2430",
                "sha256:fade0d4f4d292b6f39951b6836d7a3c7ef5b2347f3c420cd9820a1d90d794802",
                "sha256:fdf3c08bce27132395d3c3ba1503cac12e17282358cb4bddc25cc46b0aca07aa"
            ],
            "index": "pypi",
            "version": "==1.22.3"
        },
        "packaging": {
            "hashes": [
                "sha256:dd47c42927d89ab911e606518907cc2d3a1f38bbd026385970643f9c5b8ecfeb",
                "sha256:ef103e05f519cdc783ae24ea4e2e0f508a9c99b2d4969652eed6a2e1ea5bd522"
            ],
            "markers": "python_version >= '3.6'",
            "version": "==21.3"
        },
        "pandocfilters": {
            "hashes": [
                "sha256:0b679503337d233b4339a817bfc8c50064e2eff681314376a47cb582305a7a38",
                "sha256:33aae3f25fd1a026079f5d27bdd52496f0e0803b3469282162bafdcbdf6ef14f"
            ],
            "markers": "python_version >= '2.7' and python_version not in '3.0, 3.1, 3.2, 3.3'",
            "version": "==1.5.0"
        },
        "parso": {
            "hashes": [
                "sha256:8c07be290bb59f03588915921e29e8a50002acaf2cdc5fa0e0114f91709fafa0",
                "sha256:c001d4636cd3aecdaf33cbb40aebb59b094be2a74c556778ef5576c175e19e75"
            ],
            "markers": "python_version >= '3.6'",
            "version": "==0.8.3"
        },
        "pickleshare": {
            "hashes": [
                "sha256:87683d47965c1da65cdacaf31c8441d12b8044cdec9aca500cd78fc2c683afca",
                "sha256:9649af414d74d4df115d5d718f82acb59c9d418196b7b4290ed47a12ce62df56"
            ],
            "version": "==0.7.5"
        },
        "prometheus-client": {
            "hashes": [
                "sha256:522fded625282822a89e2773452f42df14b5a8e84a86433e3f8a189c1d54dc01",
                "sha256:5459c427624961076277fdc6dc50540e2bacb98eebde99886e59ec55ed92093a"
            ],
            "markers": "python_version >= '3.6'",
            "version": "==0.14.1"
        },
        "prompt-toolkit": {
            "hashes": [
                "sha256:62291dad495e665fca0bda814e342c69952086afb0f4094d0893d357e5c78752",
                "sha256:bd640f60e8cecd74f0dc249713d433ace2ddc62b65ee07f96d358e0b152b6ea7"
            ],
            "markers": "python_full_version >= '3.6.2'",
            "version": "==3.0.29"
        },
        "psutil": {
            "hashes": [
                "sha256:072664401ae6e7c1bfb878c65d7282d4b4391f1bc9a56d5e03b5a490403271b5",
                "sha256:1070a9b287846a21a5d572d6dddd369517510b68710fca56b0e9e02fd24bed9a",
                "sha256:1d7b433519b9a38192dfda962dd8f44446668c009833e1429a52424624f408b4",
                "sha256:3151a58f0fbd8942ba94f7c31c7e6b310d2989f4da74fcbf28b934374e9bf841",
                "sha256:32acf55cb9a8cbfb29167cd005951df81b567099295291bcfd1027365b36591d",
                "sha256:3611e87eea393f779a35b192b46a164b1d01167c9d323dda9b1e527ea69d697d",
                "sha256:3d00a664e31921009a84367266b35ba0aac04a2a6cad09c550a89041034d19a0",
                "sha256:4e2fb92e3aeae3ec3b7b66c528981fd327fb93fd906a77215200404444ec1845",
                "sha256:539e429da49c5d27d5a58e3563886057f8fc3868a5547b4f1876d9c0f007bccf",
                "sha256:55ce319452e3d139e25d6c3f85a1acf12d1607ddedea5e35fb47a552c051161b",
                "sha256:58c7d923dc209225600aec73aa2c4ae8ea33b1ab31bc11ef8a5933b027476f07",
                "sha256:7336292a13a80eb93c21f36bde4328aa748a04b68c13d01dfddd67fc13fd0618",
                "sha256:742c34fff804f34f62659279ed5c5b723bb0195e9d7bd9907591de9f8f6558e2",
                "sha256:7641300de73e4909e5d148e90cc3142fb890079e1525a840cf0dfd39195239fd",
                "sha256:76cebf84aac1d6da5b63df11fe0d377b46b7b500d892284068bacccf12f20666",
                "sha256:7779be4025c540d1d65a2de3f30caeacc49ae7a2152108adeaf42c7534a115ce",
                "sha256:7d190ee2eaef7831163f254dc58f6d2e2a22e27382b936aab51c835fc080c3d3",
                "sha256:8293942e4ce0c5689821f65ce6522ce4786d02af57f13c0195b40e1edb1db61d",
                "sha256:869842dbd66bb80c3217158e629d6fceaecc3a3166d3d1faee515b05dd26ca25",
                "sha256:90a58b9fcae2dbfe4ba852b57bd4a1dded6b990a33d6428c7614b7d48eccb492",
                "sha256:9b51917c1af3fa35a3f2dabd7ba96a2a4f19df3dec911da73875e1edaf22a40b",
                "sha256:b2237f35c4bbae932ee98902a08050a27821f8f6dfa880a47195e5993af4702d",
                "sha256:c3400cae15bdb449d518545cbd5b649117de54e3596ded84aacabfbb3297ead2",
                "sha256:c51f1af02334e4b516ec221ee26b8fdf105032418ca5a5ab9737e8c87dafe203",
                "sha256:cb8d10461c1ceee0c25a64f2dd54872b70b89c26419e147a05a10b753ad36ec2",
                "sha256:d62a2796e08dd024b8179bd441cb714e0f81226c352c802fca0fd3f89eeacd94",
                "sha256:df2c8bd48fb83a8408c8390b143c6a6fa10cb1a674ca664954de193fdcab36a9",
                "sha256:e5c783d0b1ad6ca8a5d3e7b680468c9c926b804be83a3a8e95141b05c39c9f64",
                "sha256:e9805fed4f2a81de98ae5fe38b75a74c6e6ad2df8a5c479594c7629a1fe35f56",
                "sha256:ea42d747c5f71b5ccaa6897b216a7dadb9f52c72a0fe2b872ef7d3e1eacf3ba3",
                "sha256:ef216cc9feb60634bda2f341a9559ac594e2eeaadd0ba187a4c2eb5b5d40b91c",
                "sha256:ff0d41f8b3e9ebb6b6110057e40019a432e96aae2008951121ba4e56040b84f3"
            ],
            "markers": "python_version >= '2.6' and python_version not in '3.0, 3.1, 3.2, 3.3'",
            "version": "==5.9.0"
        },
        "pure-eval": {
            "hashes": [
                "sha256:01eaab343580944bc56080ebe0a674b39ec44a945e6d09ba7db3cb8cec289350",
                "sha256:2b45320af6dfaa1750f543d714b6d1c520a1688dec6fd24d339063ce0aaa9ac3"
            ],
            "version": "==0.2.2"
        },
        "py4j": {
            "hashes": [
                "sha256:04f5b06917c0c8a81ab34121dda09a2ba1f74e96d59203c821d5cb7d28c35363",
                "sha256:0d92844da4cb747155b9563c44fc322c9a1562b3ef0979ae692dbde732d784dd"
            ],
            "version": "==0.10.9.3"
        },
        "pycparser": {
            "hashes": [
                "sha256:8ee45429555515e1f6b185e78100aea234072576aa43ab53aefcae078162fca9",
                "sha256:e644fdec12f7872f86c58ff790da456218b10f863970249516d60a5eaca77206"
            ],
            "version": "==2.21"
        },
        "pygments": {
            "hashes": [
                "sha256:44238f1b60a76d78fc8ca0528ee429702aae011c265fe6a8dd8b63049ae41c65",
                "sha256:4e426f72023d88d03b2fa258de560726ce890ff3b630f88c21cbb8b2503b8c6a"
            ],
            "markers": "python_version >= '3.5'",
            "version": "==2.11.2"
        },
        "pyparsing": {
            "hashes": [
                "sha256:7bf433498c016c4314268d95df76c81b842a4cb2b276fa3312cfb1e1d85f6954",
                "sha256:ef7b523f6356f763771559412c0d7134753f037822dad1b16945b7b846f7ad06"
            ],
            "markers": "python_full_version >= '3.6.8'",
            "version": "==3.0.8"
        },
        "pyrsistent": {
            "hashes": [
                "sha256:0e3e1fcc45199df76053026a51cc59ab2ea3fc7c094c6627e93b7b44cdae2c8c",
                "sha256:1b34eedd6812bf4d33814fca1b66005805d3640ce53140ab8bbb1e2651b0d9bc",
                "sha256:4ed6784ceac462a7d6fcb7e9b663e93b9a6fb373b7f43594f9ff68875788e01e",
                "sha256:5d45866ececf4a5fff8742c25722da6d4c9e180daa7b405dc0a2a2790d668c26",
                "sha256:636ce2dc235046ccd3d8c56a7ad54e99d5c1cd0ef07d9ae847306c91d11b5fec",
                "sha256:6455fc599df93d1f60e1c5c4fe471499f08d190d57eca040c0ea182301321286",
                "sha256:6bc66318fb7ee012071b2792024564973ecc80e9522842eb4e17743604b5e045",
                "sha256:7bfe2388663fd18bd8ce7db2c91c7400bf3e1a9e8bd7d63bf7e77d39051b85ec",
                "sha256:7ec335fc998faa4febe75cc5268a9eac0478b3f681602c1f27befaf2a1abe1d8",
                "sha256:914474c9f1d93080338ace89cb2acee74f4f666fb0424896fcfb8d86058bf17c",
                "sha256:b568f35ad53a7b07ed9b1b2bae09eb15cdd671a5ba5d2c66caee40dbf91c68ca",
                "sha256:cdfd2c361b8a8e5d9499b9082b501c452ade8bbf42aef97ea04854f4a3f43b22",
                "sha256:d1b96547410f76078eaf66d282ddca2e4baae8964364abb4f4dcdde855cd123a",
                "sha256:d4d61f8b993a7255ba714df3aca52700f8125289f84f704cf80916517c46eb96",
                "sha256:d7a096646eab884bf8bed965bad63ea327e0d0c38989fc83c5ea7b8a87037bfc",
                "sha256:df46c854f490f81210870e509818b729db4488e1f30f2a1ce1698b2295a878d1",
                "sha256:e24a828f57e0c337c8d8bb9f6b12f09dfdf0273da25fda9e314f0b684b415a07",
                "sha256:e4f3149fd5eb9b285d6bfb54d2e5173f6a116fe19172686797c056672689daf6",
                "sha256:e92a52c166426efbe0d1ec1332ee9119b6d32fc1f0bbfd55d5c1088070e7fc1b",
                "sha256:f87cc2863ef33c709e237d4b5f4502a62a00fab450c9e020892e8e2ede5847f5",
                "sha256:fd8da6d0124efa2f67d86fa70c851022f87c98e205f0594e1fae044e7119a5a6"
            ],
            "markers": "python_version >= '3.7'",
            "version": "==0.18.1"
        },
        "pyspark": {
            "hashes": [
                "sha256:0b81359262ec6e9ac78c353344e7de026027d140c6def949ff0d80ab70f89a54"
            ],
            "index": "pypi",
            "version": "==3.2.1"
        },
        "python-dateutil": {
            "hashes": [
                "sha256:0123cacc1627ae19ddf3c27a5de5bd67ee4586fbdd6440d9748f8abb483d3e86",
                "sha256:961d03dc3453ebbc59dbdea9e4e11c5651520a876d0f4db161e8674aae935da9"
            ],
            "markers": "python_version >= '2.7' and python_version not in '3.0, 3.1, 3.2, 3.3'",
            "version": "==2.8.2"
        },
        "pywin32": {
            "hashes": [
                "sha256:2a09632916b6bb231ba49983fe989f2f625cea237219530e81a69239cd0c4559",
                "sha256:51cb52c5ec6709f96c3f26e7795b0bf169ee0d8395b2c1d7eb2c029a5008ed51",
                "sha256:5f9ec054f5a46a0f4dfd72af2ce1372f3d5a6e4052af20b858aa7df2df7d355b",
                "sha256:6fed4af057039f309263fd3285d7b8042d41507343cd5fa781d98fcc5b90e8bb",
                "sha256:793bf74fce164bcffd9d57bb13c2c15d56e43c9542a7b9687b4fccf8f8a41aba",
                "sha256:79cbb862c11b9af19bcb682891c1b91942ec2ff7de8151e2aea2e175899cda34",
                "sha256:7d3271c98434617a11921c5ccf74615794d97b079e22ed7773790822735cc352",
                "sha256:aad484d52ec58008ca36bd4ad14a71d7dd0a99db1a4ca71072213f63bf49c7d9",
                "sha256:b1675d82bcf6dbc96363fca747bac8bff6f6e4a447a4287ac652aa4b9adc796e",
                "sha256:c268040769b48a13367221fced6d4232ed52f044ffafeda247bd9d2c6bdc29ca",
                "sha256:d9b5d87ca944eb3aa4cd45516203ead4b37ab06b8b777c54aedc35975dec0dee",
                "sha256:fcf44032f5b14fcda86028cdf49b6ebdaea091230eb0a757282aa656e4732439"
            ],
            "markers": "sys_platform == 'win32' and platform_python_implementation != 'PyPy'",
            "version": "==303"
        },
        "pywinpty": {
            "hashes": [
                "sha256:651ee1467bd7eb6f64d44dbc954b7ab7d15ab6d8adacc4e13299692c67c5d5d2",
                "sha256:e125d3f1804d8804952b13e33604ad2ca8b9b2cac92b27b521c005d1604794f8",
                "sha256:e59a508ae78374febada3e53b5bbc90b5ad07ae68cbfd72a2e965f9793ae04f3",
                "sha256:f86c76e2881c37e69678cbbf178109f8da1fa8584db24d58e1b9369b0276cfcb",
                "sha256:ff9b52f182650cfdf3db1b264a6fe0963eb9d996a7a1fa843ac406c1e32111f8"
            ],
            "markers": "os_name == 'nt'",
            "version": "==2.0.5"
        },
        "pyzmq": {
            "hashes": [
                "sha256:08c4e315a76ef26eb833511ebf3fa87d182152adf43dedee8d79f998a2162a0b",
                "sha256:0ca6cd58f62a2751728016d40082008d3b3412a7f28ddfb4a2f0d3c130f69e74",
                "sha256:1621e7a2af72cced1f6ec8ca8ca91d0f76ac236ab2e8828ac8fe909512d566cb",
                "sha256:18cd854b423fce44951c3a4d3e686bac8f1243d954f579e120a1714096637cc0",
                "sha256:2841997a0d85b998cbafecb4183caf51fd19c4357075dfd33eb7efea57e4c149",
                "sha256:2b97502c16a5ec611cd52410bdfaab264997c627a46b0f98d3f666227fd1ea2d",
                "sha256:3a4c9886d61d386b2b493377d980f502186cd71d501fffdba52bd2a0880cef4f",
                "sha256:3c1895c95be92600233e476fe283f042e71cf8f0b938aabf21b7aafa62a8dac9",
                "sha256:42abddebe2c6a35180ca549fadc7228d23c1e1f76167c5ebc8a936b5804ea2df",
                "sha256:468bd59a588e276961a918a3060948ae68f6ff5a7fa10bb2f9160c18fe341067",
                "sha256:480b9931bfb08bf8b094edd4836271d4d6b44150da051547d8c7113bf947a8b0",
                "sha256:53f4fd13976789ffafedd4d46f954c7bb01146121812b72b4ddca286034df966",
                "sha256:62bcade20813796c426409a3e7423862d50ff0639f5a2a95be4b85b09a618666",
                "sha256:67db33bea0a29d03e6eeec55a8190e033318cee3cbc732ba8fd939617cbf762d",
                "sha256:6b217b8f9dfb6628f74b94bdaf9f7408708cb02167d644edca33f38746ca12dd",
                "sha256:7661fc1d5cb73481cf710a1418a4e1e301ed7d5d924f91c67ba84b2a1b89defd",
                "sha256:76c532fd68b93998aab92356be280deec5de8f8fe59cd28763d2cc8a58747b7f",
                "sha256:79244b9e97948eaf38695f4b8e6fc63b14b78cc37f403c6642ba555517ac1268",
                "sha256:7c58f598d9fcc52772b89a92d72bf8829c12d09746a6d2c724c5b30076c1f11d",
                "sha256:7dc09198e4073e6015d9a8ea093fc348d4e59de49382476940c3dd9ae156fba8",
                "sha256:80e043a89c6cadefd3a0712f8a1322038e819ebe9dbac7eca3bce1721bcb63bf",
                "sha256:851977788b9caa8ed011f5f643d3ee8653af02c5fc723fa350db5125abf2be7b",
                "sha256:8eddc033e716f8c91c6a2112f0a8ebc5e00532b4a6ae1eb0ccc48e027f9c671c",
                "sha256:902319cfe23366595d3fa769b5b751e6ee6750a0a64c5d9f757d624b2ac3519e",
                "sha256:954e73c9cd4d6ae319f1c936ad159072b6d356a92dcbbabfd6e6204b9a79d356",
                "sha256:ab888624ed68930442a3f3b0b921ad7439c51ba122dbc8c386e6487a658e4a4e",
                "sha256:acebba1a23fb9d72b42471c3771b6f2f18dcd46df77482612054bd45c07dfa36",
                "sha256:b4ebed0977f92320f6686c96e9e8dd29eed199eb8d066936bac991afc37cbb70",
                "sha256:badb868fff14cfd0e200eaa845887b1011146a7d26d579aaa7f966c203736b92",
                "sha256:be4e0f229cf3a71f9ecd633566bd6f80d9fa6afaaff5489492be63fe459ef98c",
                "sha256:c0f84360dcca3481e8674393bdf931f9f10470988f87311b19d23cda869bb6b7",
                "sha256:c1e41b32d6f7f9c26bc731a8b529ff592f31fc8b6ef2be9fa74abd05c8a342d7",
                "sha256:c88fa7410e9fc471e0858638f403739ee869924dd8e4ae26748496466e27ac59",
                "sha256:cf98fd7a6c8aaa08dbc699ffae33fd71175696d78028281bc7b832b26f00ca57",
                "sha256:d072f7dfbdb184f0786d63bda26e8a0882041b1e393fbe98940395f7fab4c5e2",
                "sha256:d1b5d457acbadcf8b27561deeaa386b0217f47626b29672fa7bd31deb6e91e1b",
                "sha256:d3dcb5548ead4f1123851a5ced467791f6986d68c656bc63bfff1bf9e36671e2",
                "sha256:d6157793719de168b199194f6b6173f0ccd3bf3499e6870fac17086072e39115",
                "sha256:d728b08448e5ac3e4d886b165385a262883c34b84a7fe1166277fe675e1c197a",
                "sha256:de8df0684398bd74ad160afdc2a118ca28384ac6f5e234eb0508858d8d2d9364",
                "sha256:e6a02cf7271ee94674a44f4e62aa061d2d049001c844657740e156596298b70b",
                "sha256:ea12133df25e3a6918718fbb9a510c6ee5d3fdd5a346320421aac3882f4feeea",
                "sha256:ea5a79e808baef98c48c884effce05c31a0698c1057de8fc1c688891043c1ce1",
                "sha256:f43b4a2e6218371dd4f41e547bd919ceeb6ebf4abf31a7a0669cd11cd91ea973",
                "sha256:f762442bab706fd874064ca218b33a1d8e40d4938e96c24dafd9b12e28017f45",
                "sha256:f89468059ebc519a7acde1ee50b779019535db8dcf9b8c162ef669257fef7a93",
                "sha256:f907c7359ce8bf7f7e63c82f75ad0223384105f5126f313400b7e8004d9b33c3"
            ],
            "markers": "python_version >= '3.6'",
            "version": "==22.3.0"
        },
        "qtconsole": {
            "hashes": [
                "sha256:75f2ded876444454edcb5a53262149e33b53db3a4a53116b7c3df52830905b0f",
                "sha256:8e3520fdc75e46abc4cc6cffeca16fa2652754109b8ae839fa28e27d1eba5625"
            ],
            "markers": "python_version >= '3.7'",
            "version": "==5.3.0"
        },
        "qtpy": {
            "hashes": [
                "sha256:adfd073ffbd2de81dc7aaa0b983499ef5c59c96adcfdcc9dea60d42ca885eb8f",
                "sha256:d93f2c98e97387fcc9d623d509772af5b6c15ab9d8f9f4c5dfbad9a73ad34812"
            ],
            "markers": "python_version >= '3.6'",
            "version": "==2.0.1"
        },
        "send2trash": {
            "hashes": [
                "sha256:d2c24762fd3759860a0aff155e45871447ea58d2be6bdd39b5c8f966a0c99c2d",
                "sha256:f20eaadfdb517eaca5ce077640cb261c7d2698385a6a0f072a4a5447fd49fa08"
            ],
            "version": "==1.8.0"
        },
        "setuptools": {
            "hashes": [
                "sha256:26ead7d1f93efc0f8c804d9fafafbe4a44b179580a7105754b245155f9af05a8",
                "sha256:47c7b0c0f8fc10eec4cf1e71c6fdadf8decaa74ffa087e68cd1c20db7ad6a592"
            ],
            "markers": "python_version >= '3.7'",
            "version": "==62.1.0"
        },
        "six": {
            "hashes": [
                "sha256:1e61c37477a1626458e36f7b1d82aa5c9b094fa4802892072e49de9c60c4c926",
                "sha256:8abb2f1d86890a2dfb989f9a77cfcfd3e47c2a354b01111771326f8aa26e0254"
            ],
            "markers": "python_version >= '2.7' and python_version not in '3.0, 3.1, 3.2, 3.3'",
            "version": "==1.16.0"
        },
        "soupsieve": {
            "hashes": [
                "sha256:3b2503d3c7084a42b1ebd08116e5f81aadfaea95863628c80a3b774a11b7c759",
                "sha256:fc53893b3da2c33de295667a0e19f078c14bf86544af307354de5fcf12a3f30d"
            ],
            "markers": "python_version >= '3.6'",
            "version": "==2.3.2.post1"
        },
        "stack-data": {
            "hashes": [
                "sha256:45692d41bd633a9503a5195552df22b583caf16f0b27c4e58c98d88c8b648e12",
                "sha256:999762f9c3132308789affa03e9271bbbe947bf78311851f4d485d8402ed858e"
            ],
            "version": "==0.2.0"
        },
        "terminado": {
            "hashes": [
                "sha256:874d4ea3183536c1782d13c7c91342ef0cf4e5ee1d53633029cbc972c8760bd8",
                "sha256:94d1cfab63525993f7d5c9b469a50a18d0cdf39435b59785715539dd41e36c0d"
            ],
            "markers": "python_version >= '3.7'",
            "version": "==0.13.3"
        },
        "tinycss2": {
            "hashes": [
                "sha256:b2e44dd8883c360c35dd0d1b5aad0b610e5156c2cb3b33434634e539ead9d8bf",
                "sha256:fe794ceaadfe3cf3e686b22155d0da5780dd0e273471a51846d0a02bc204fec8"
            ],
            "markers": "python_version >= '3.6'",
            "version": "==1.1.1"
        },
        "tornado": {
            "hashes": [
                "sha256:163b0aafc8e23d8cdc3c9dfb24c5368af84a81e3364745ccb4427669bf84aec8",
                "sha256:25486eb223babe3eed4b8aecbac33b37e3dd6d776bc730ca14e1bf93888b979f",
                "sha256:454db8a7ecfcf2ff6042dde58404164d969b6f5d58b926da15e6b23817950fc4",
                "sha256:613bf4ddf5c7a95509218b149b555621497a6cc0d46ac341b30bd9ec19eac7f3",
                "sha256:6d5ce3437e18a2b66fbadb183c1d3364fb03f2be71299e7d10dbeeb69f4b2a14",
                "sha256:8ae50a504a740365267b2a8d1a90c9fbc86b780a39170feca9bcc1787ff80842",
                "sha256:92d3ab53183d8c50f8204a51e6f91d18a15d5ef261e84d452800d4ff6fc504e9",
                "sha256:a02a08cc7a9314b006f653ce40483b9b3c12cda222d6a46d4ac63bb6c9057698",
                "sha256:b24b8982ed444378d7f21d563f4180a2de31ced9d8d84443907a0a64da2072e7",
                "sha256:d9a566c40b89757c9aa8e6f032bcdb8ca8795d7c1a9762910c722b1635c9de4d",
                "sha256:e2e20b9113cd7293f164dc46fffb13535266e713cdb87bd2d15ddb336e96cfc4"
            ],
            "index": "pypi",
            "markers": "python_version >= '3.8'",
            "version": "==6.4.1"
        },
        "traitlets": {
            "hashes": [
                "sha256:2e5a030e6eff91737c643231bfcf04a65b0132078dad75e4936700b213652e74",
                "sha256:8585105b371a04b8316a43d5ce29c098575c2e477850b62b848b964f1444527e"
            ],
            "markers": "python_version >= '3.8'",
            "version": "==5.14.1"
        },
        "wcwidth": {
            "hashes": [
                "sha256:beb4802a9cebb9144e99086eff703a642a13d6a0052920003a230f3294bbe784",
                "sha256:c4d647b99872929fdb7bdcaa4fbe7f01413ed3d98077df798530e5b04f116c83"
            ],
            "version": "==0.2.5"
        },
        "webencodings": {
            "hashes": [
                "sha256:a0af1213f3c2226497a97e2b3aa01a7e4bee4f403f95be16fc9acd2947514a78",
                "sha256:b36a1c245f2d304965eb4e0a82848379241dc04b865afcc4aab16748587e1923"
            ],
            "version": "==0.5.1"
        },
        "widgetsnbextension": {
            "hashes": [
                "sha256:4fd321cad39fdcf8a8e248a657202d42917ada8e8ed5dd3f60f073e0d54ceabd",
                "sha256:e84a7a9fcb9baf3d57106e184a7389a8f8eb935bf741a5eb9d60aa18cc029a80"
            ],
            "version": "==3.6.0"
        },
        "zipp": {
            "hashes": [
                "sha256:56bf8aadb83c24db6c4b577e13de374ccfb67da2078beba1d037c17980bf43ad",
                "sha256:c4f6e5bbf48e74f7a38e7cc5b0480ff42b0ae5178957d564d18932525d5cf099"
            ],
            "markers": "python_version < '3.10'",
            "version": "==3.8.0"
        }
    },
    "develop": {}
}
